<?xml version="1.0" encoding="utf-8"?>
<Project ToolsVersion="4.0" xmlns="http://schemas.microsoft.com/developer/msbuild/2003">
  <ItemGroup>
    <Filter Include="Source Files">
      <UniqueIdentifier>{4FC737F1-C7A5-4376-A066-2A32D752A2FF}</UniqueIdentifier>
      <Extensions>cpp;c;cc;cxx;c++;cppm;ixx;def;odl;idl;hpj;bat;asm;asmx</Extensions>
    </Filter>
  </ItemGroup>
  <ItemGroup>
    <ClCompile Include="main.cpp">
      <Filter>Source Files</Filter>
    </ClCompile>
    <ClCompile Include="Entites\structUseCases.h">
      <Filter>Source Files</Filter>
    </ClCompile>
    <ClCompile Include="Entites\LinkedList\linkedList.cpp">
      <Filter>Source Files</Filter>
    </ClCompile>
    <ClCompile Include="Entites\Item\item.cpp">
      <Filter>Source Files</Filter>
    </ClCompile>
    <ClCompile Include="Entites\DoubleLinedList\doubleLinkedList.cpp">
      <Filter>Source Files</Filter>
    </ClCompile>
  </ItemGroup>
  <ItemGroup>
    <ClInclude Include="Entites\struct.h">
      <Filter>Source Files</Filter>
    </ClInclude>
    <ClInclude Include="Entites\LinkedList\linkedList.h" />
    <ClInclude Include="lib.h" />
    <ClInclude Include="Entites\Item\item.h" />
    <ClInclude Include="Entites\Item\IITem.h" />
    <ClInclude Include="Entites\DoubleLinedList\doubleLinkedList.h" />
  </ItemGroup>
</Project>